{
  "nodes": {
    "nixpkgs": {
      "locked": {
        "lastModified": 1771369470,
        "narHash": "sha256-0NBlEBKkN3lufyvFegY4TYv5mCNHbi5OmBDrzihbBMQ=",
        "owner": "NixOS",
        "repo": "nixpkgs",
        "rev": "0182a361324364ae3f436a63005877674cf45efb",
        "type": "github"
      },
      "original": {
        "owner": "NixOS",
        "ref": "nixos-unstable",
        "repo": "nixpkgs",
        "type": "github"
      }
    },
    "root": {
      "inputs": {
        "nixpkgs": "nixpkgs",
        "teller": "teller"
      }
    },
    "teller": {
      "inputs": {
        "nixpkgs": [
          "nixpkgs"
        ]
      },
      "locked": {
        "lastModified": 1773266285,
        "narHash": "sha256-PI4RMO6RWtsYS9eADXUyOH1YpLfG9NVepKiZeEoSEgE=",
        "owner": "firefly-engineering",
        "repo": "teller",
        "rev": "77bd58a63f113852ae8758a7221176322deb797c",
        "type": "github"
      },
      "original": {
        "owner": "firefly-engineering",
        "repo": "teller",
        "type": "github"
      }
    }
  },
  "root": "root",
  "version": 7
}
